
Microsoft Visual Studio Solution File, Format Version 12.00
# Visual Studio 15
VisualStudioVersion = 15.0.26430.16
MinimumVisualStudioVersion = 10.0.40219.1
Project("{FAE04EC0-301F-11D3-BF4B-00C04F79EFBC}") = "QueueSet", "QueueSet\QueueSet.csproj", "{EA08B75D-CE11-4A35-B535-F00DC280F076}"
EndProject
Global
	GlobalSection(SolutionConfigurationPlatforms) = preSolution
		Debug|Any CPU = Debug|Any CPU
		Release|Any CPU = Release|Any CPU
	EndGlobalSection
	GlobalSection(ProjectConfigurationPlatforms) = postSolution
		{EA08B75D-CE11-4A35-B535-F00DC280F076}.Debug|Any CPU.ActiveCfg = Debug|Any CPU
		{EA08B75D-CE11-4A35-B535-F00DC280F076}.Debug|Any CPU.Build.0 = Debug|Any CPU
		{EA08B75D-CE11-4A35-B535-F00DC280F076}.Release|Any CPU.ActiveCfg = Release|Any CPU
		{EA08B75D-CE11-4A35-B535-F00DC280F076}.Release|Any CPU.Build.0 = Release|Any CPU
	EndGlobalSection
	GlobalSection(SolutionProperties) = preSolution
		HideSolutionNode = FALSE
	EndGlobalSection
EndGlobal
