
Microsoft Visual Studio Solution File, Format Version 12.00
Project("{FAE04EC0-301F-11D3-BF4B-00C04F79EFBC}") = "B62Compression", "B62Compression\B62Compression.csproj", "{88794704-4C8C-474A-A50A-14367A6912BA}"
EndProject
Project("{FAE04EC0-301F-11D3-BF4B-00C04F79EFBC}") = "Jsonify", "Jsonify\Jsonify.csproj", "{0F636AD1-DFD6-4C1C-BA25-069B350306E3}"
EndProject
Project("{FAE04EC0-301F-11D3-BF4B-00C04F79EFBC}") = "Misc", "Misc\Misc.csproj", "{57846108-44A4-4A23-82CB-EFA3D6DDBAAB}"
EndProject
Project("{FAE04EC0-301F-11D3-BF4B-00C04F79EFBC}") = "TxnExplorer", "TxnExplorer\TxnExplorer.csproj", "{DCD283BD-5485-45AF-949F-B8D6EAEB6493}"
EndProject
Project("{FAE04EC0-301F-11D3-BF4B-00C04F79EFBC}") = "FdsDownloader", "FdsDownloader\FdsDownloader.csproj", "{848ED8C6-4743-4DDD-A249-49BD4D14F3C8}"
EndProject
Project("{FAE04EC0-301F-11D3-BF4B-00C04F79EFBC}") = "TenantSettings", "TenantSettings\TenantSettings.csproj", "{361955C4-A146-462C-BF3B-82C382409434}"
EndProject
Project("{FAE04EC0-301F-11D3-BF4B-00C04F79EFBC}") = "RecurrenceFinder", "RecurrenceFinder\RecurrenceFinder.csproj", "{5DA6D865-B4C9-498C-BCD3-B763BFF717B5}"
EndProject
Project("{FAE04EC0-301F-11D3-BF4B-00C04F79EFBC}") = "CashflowLoan", "CashflowLoan\CashflowLoan.csproj", "{DBAA1397-DBA3-4E02-8033-514367A8DD4E}"
EndProject
Project("{FAE04EC0-301F-11D3-BF4B-00C04F79EFBC}") = "RecurrenceFinderTests", "RecurrenceFinderTests\RecurrenceFinderTests.csproj", "{7D3BA7C8-0B75-4EA4-B22C-07F378D61C5E}"
EndProject
Global
	GlobalSection(SolutionConfigurationPlatforms) = preSolution
		Debug|Any CPU = Debug|Any CPU
		Release|Any CPU = Release|Any CPU
	EndGlobalSection
	GlobalSection(ProjectConfigurationPlatforms) = postSolution
		{88794704-4C8C-474A-A50A-14367A6912BA}.Debug|Any CPU.ActiveCfg = Debug|Any CPU
		{88794704-4C8C-474A-A50A-14367A6912BA}.Debug|Any CPU.Build.0 = Debug|Any CPU
		{88794704-4C8C-474A-A50A-14367A6912BA}.Release|Any CPU.ActiveCfg = Release|Any CPU
		{88794704-4C8C-474A-A50A-14367A6912BA}.Release|Any CPU.Build.0 = Release|Any CPU
		{0F636AD1-DFD6-4C1C-BA25-069B350306E3}.Debug|Any CPU.ActiveCfg = Debug|Any CPU
		{0F636AD1-DFD6-4C1C-BA25-069B350306E3}.Debug|Any CPU.Build.0 = Debug|Any CPU
		{0F636AD1-DFD6-4C1C-BA25-069B350306E3}.Release|Any CPU.ActiveCfg = Release|Any CPU
		{0F636AD1-DFD6-4C1C-BA25-069B350306E3}.Release|Any CPU.Build.0 = Release|Any CPU
		{57846108-44A4-4A23-82CB-EFA3D6DDBAAB}.Debug|Any CPU.ActiveCfg = Debug|Any CPU
		{57846108-44A4-4A23-82CB-EFA3D6DDBAAB}.Debug|Any CPU.Build.0 = Debug|Any CPU
		{57846108-44A4-4A23-82CB-EFA3D6DDBAAB}.Release|Any CPU.ActiveCfg = Release|Any CPU
		{57846108-44A4-4A23-82CB-EFA3D6DDBAAB}.Release|Any CPU.Build.0 = Release|Any CPU
		{DCD283BD-5485-45AF-949F-B8D6EAEB6493}.Debug|Any CPU.ActiveCfg = Debug|Any CPU
		{DCD283BD-5485-45AF-949F-B8D6EAEB6493}.Debug|Any CPU.Build.0 = Debug|Any CPU
		{DCD283BD-5485-45AF-949F-B8D6EAEB6493}.Release|Any CPU.ActiveCfg = Release|Any CPU
		{DCD283BD-5485-45AF-949F-B8D6EAEB6493}.Release|Any CPU.Build.0 = Release|Any CPU
		{848ED8C6-4743-4DDD-A249-49BD4D14F3C8}.Debug|Any CPU.ActiveCfg = Debug|Any CPU
		{848ED8C6-4743-4DDD-A249-49BD4D14F3C8}.Debug|Any CPU.Build.0 = Debug|Any CPU
		{848ED8C6-4743-4DDD-A249-49BD4D14F3C8}.Release|Any CPU.ActiveCfg = Release|Any CPU
		{848ED8C6-4743-4DDD-A249-49BD4D14F3C8}.Release|Any CPU.Build.0 = Release|Any CPU
		{361955C4-A146-462C-BF3B-82C382409434}.Debug|Any CPU.ActiveCfg = Debug|Any CPU
		{361955C4-A146-462C-BF3B-82C382409434}.Debug|Any CPU.Build.0 = Debug|Any CPU
		{361955C4-A146-462C-BF3B-82C382409434}.Release|Any CPU.ActiveCfg = Release|Any CPU
		{361955C4-A146-462C-BF3B-82C382409434}.Release|Any CPU.Build.0 = Release|Any CPU
		{5DA6D865-B4C9-498C-BCD3-B763BFF717B5}.Debug|Any CPU.ActiveCfg = Debug|Any CPU
		{5DA6D865-B4C9-498C-BCD3-B763BFF717B5}.Debug|Any CPU.Build.0 = Debug|Any CPU
		{5DA6D865-B4C9-498C-BCD3-B763BFF717B5}.Release|Any CPU.ActiveCfg = Release|Any CPU
		{5DA6D865-B4C9-498C-BCD3-B763BFF717B5}.Release|Any CPU.Build.0 = Release|Any CPU
		{DBAA1397-DBA3-4E02-8033-514367A8DD4E}.Debug|Any CPU.ActiveCfg = Debug|Any CPU
		{DBAA1397-DBA3-4E02-8033-514367A8DD4E}.Debug|Any CPU.Build.0 = Debug|Any CPU
		{DBAA1397-DBA3-4E02-8033-514367A8DD4E}.Release|Any CPU.ActiveCfg = Release|Any CPU
		{DBAA1397-DBA3-4E02-8033-514367A8DD4E}.Release|Any CPU.Build.0 = Release|Any CPU
		{7D3BA7C8-0B75-4EA4-B22C-07F378D61C5E}.Debug|Any CPU.ActiveCfg = Debug|Any CPU
		{7D3BA7C8-0B75-4EA4-B22C-07F378D61C5E}.Debug|Any CPU.Build.0 = Debug|Any CPU
		{7D3BA7C8-0B75-4EA4-B22C-07F378D61C5E}.Release|Any CPU.ActiveCfg = Release|Any CPU
		{7D3BA7C8-0B75-4EA4-B22C-07F378D61C5E}.Release|Any CPU.Build.0 = Release|Any CPU
	EndGlobalSection
EndGlobal
